
Microsoft Visual Studio Solution File, Format Version 12.00
# Visual Studio 15
VisualStudioVersion = 15.0.27130.2020
MinimumVisualStudioVersion = 10.0.40219.1
Project("{FAE04EC0-301F-11D3-BF4B-00C04F79EFBC}") = "NugetPackageChecker", "NugetPackageChecker.csproj", "{EF60AB64-AD0E-4766-9616-8AFEC1990664}"
EndProject
Global
	GlobalSection(SolutionConfigurationPlatforms) = preSolution
		Debug|Any CPU = Debug|Any CPU
		Release|Any CPU = Release|Any CPU
	EndGlobalSection
	GlobalSection(ProjectConfigurationPlatforms) = postSolution
		{EF60AB64-AD0E-4766-9616-8AFEC1990664}.Debug|Any CPU.ActiveCfg = Debug|Any CPU
		{EF60AB64-AD0E-4766-9616-8AFEC1990664}.Debug|Any CPU.Build.0 = Debug|Any CPU
		{EF60AB64-AD0E-4766-9616-8AFEC1990664}.Release|Any CPU.ActiveCfg = Release|Any CPU
		{EF60AB64-AD0E-4766-9616-8AFEC1990664}.Release|Any CPU.Build.0 = Release|Any CPU
	EndGlobalSection
	GlobalSection(SolutionProperties) = preSolution
		HideSolutionNode = FALSE
	EndGlobalSection
	GlobalSection(ExtensibilityGlobals) = postSolution
		SolutionGuid = {4BBE1E15-7B3E-4E52-A801-CB42A4F47151}
	EndGlobalSection
EndGlobal
